
Microsoft Visual Studio Solution File, Format Version 12.00
# Visual Studio Version 16
VisualStudioVersion = 16.0.31019.35
MinimumVisualStudioVersion = 10.0.40219.1
Project("{FAE04EC0-301F-11D3-BF4B-00C04F79EFBC}") = "IndianStateCensusAnalyser", "IndianStateCensusAnalyser\IndianStateCensusAnalyser.csproj", "{D123DE5C-B430-43A6-9FB1-FF4223F8D2BD}"
EndProject
Project("{FAE04EC0-301F-11D3-BF4B-00C04F79EFBC}") = "IndianStateCensusAnalyserNUnitTestProject", "IndianStateCensusAnalyserNUnitTestProject\IndianStateCensusAnalyserNUnitTestProject.csproj", "{38D9B640-30C5-4E56-B3E5-014D88626299}"
EndProject
Global
	GlobalSection(SolutionConfigurationPlatforms) = preSolution
		Debug|Any CPU = Debug|Any CPU
		Release|Any CPU = Release|Any CPU
	EndGlobalSection
	GlobalSection(ProjectConfigurationPlatforms) = postSolution
		{D123DE5C-B430-43A6-9FB1-FF4223F8D2BD}.Debug|Any CPU.ActiveCfg = Debug|Any CPU
		{D123DE5C-B430-43A6-9FB1-FF4223F8D2BD}.Debug|Any CPU.Build.0 = Debug|Any CPU
		{D123DE5C-B430-43A6-9FB1-FF4223F8D2BD}.Release|Any CPU.ActiveCfg = Release|Any CPU
		{D123DE5C-B430-43A6-9FB1-FF4223F8D2BD}.Release|Any CPU.Build.0 = Release|Any CPU
		{38D9B640-30C5-4E56-B3E5-014D88626299}.Debug|Any CPU.ActiveCfg = Debug|Any CPU
		{38D9B640-30C5-4E56-B3E5-014D88626299}.Debug|Any CPU.Build.0 = Debug|Any CPU
		{38D9B640-30C5-4E56-B3E5-014D88626299}.Release|Any CPU.ActiveCfg = Release|Any CPU
		{38D9B640-30C5-4E56-B3E5-014D88626299}.Release|Any CPU.Build.0 = Release|Any CPU
	EndGlobalSection
	GlobalSection(SolutionProperties) = preSolution
		HideSolutionNode = FALSE
	EndGlobalSection
	GlobalSection(ExtensibilityGlobals) = postSolution
		SolutionGuid = {8952C2C7-BA03-4667-8CEA-16A679411B53}
	EndGlobalSection
EndGlobal
